// !$*UTF8*$!
{
	archiveVersion = 1;
	classes = {
	};
	objectVersion = 46;
	objects = {

/* Begin PBXBuildFile section */
		4CDE79C91CB3575D00F90DFA /* main.m in Sources */ = {isa = PBXBuildFile; fileRef = 4CDE79C81CB3575D00F90DFA /* main.m */; };
		4CDE79CC1CB3575D00F90DFA /* AppDelegate.m in Sources */ = {isa = PBXBuildFile; fileRef = 4CDE79CB1CB3575D00F90DFA /* AppDelegate.m */; };
		4CDE79CF1CB3575D00F90DFA /* ViewController.m in Sources */ = {isa = PBXBuildFile; fileRef = 4CDE79CE1CB3575D00F90DFA /* ViewController.m */; };
		4CDE79D21CB3575D00F90DFA /* Main.storyboard in Resources */ = {isa = PBXBuildFile; fileRef = 4CDE79D01CB3575D00F90DFA /* Main.storyboard */; };
		4CDE79D41CB3575D00F90DFA /* Assets.xcassets in Resources */ = {isa = PBXBuildFile; fileRef = 4CDE79D31CB3575D00F90DFA /* Assets.xcassets */; };
		4CDE79D71CB3575D00F90DFA /* LaunchScreen.storyboard in Resources */ = {isa = PBXBuildFile; fileRef = 4CDE79D51CB3575D00F90DFA /* LaunchScreen.storyboard */; };
		4CDE79E21CB3575D00F90DFA /* _016_0405_amTests.m in Sources */ = {isa = PBXBuildFile; fileRef = 4CDE79E11CB3575D00F90DFA /* _016_0405_amTests.m */; };
		4CDE79ED1CB3575D00F90DFA /* _016_0405_amUITests.m in Sources */ = {isa = PBXBuildFile; fileRef = 4CDE79EC1CB3575D00F90DFA /* _016_0405_amUITests.m */; };
		4CDE79FB1CB3644900F90DFA /* QuartzCore.framework in Frameworks */ = {isa = PBXBuildFile; fileRef = 4CDE79FA1CB3644900F90DFA /* QuartzCore.framework */; };
/* End PBXBuildFile section */

/* Begin PBXContainerItemProxy section */
		4CDE79DE1CB3575D00F90DFA /* PBXContainerItemProxy */ = {
			isa = PBXContainerItemProxy;
			containerPortal = 4CDE79BC1CB3575D00F90DFA /* Project object */;
			proxyType = 1;
			remoteGlobalIDString = 4CDE79C31CB3575D00F90DFA;
			remoteInfo = 2016.0405.am;
		};
		4CDE79E91CB3575D00F90DFA /* PBXContainerItemProxy */ = {
			isa = PBXContainerItemProxy;
			containerPortal = 4CDE79BC1CB3575D00F90DFA /* Project object */;
			proxyType = 1;
			remoteGlobalIDString = 4CDE79C31CB3575D00F90DFA;
			remoteInfo = 2016.0405.am;
		};
/* End PBXContainerItemProxy section */

/* Begin PBXFileReference section */
		4CDE79C41CB3575D00F90DFA /* 2016.0405.am.app */ = {isa = PBXFileReference; explicitFileType = wrapper.application; includeInIndex = 0; path = 2016.0405.am.app; sourceTree = BUILT_PRODUCTS_DIR; };
		4CDE79C81CB3575D00F90DFA /* main.m */ = {isa = PBXFileReference; lastKnownFileType = sourcecode.c.objc; path = main.m; sourceTree = "<group>"; };
		4CDE79CA1CB3575D00F90DFA /* AppDelegate.h */ = {isa = PBXFileReference; lastKnownFileType = sourcecode.c.h; path = AppDelegate.h; sourceTree = "<group>"; };
		4CDE79CB1CB3575D00F90DFA /* AppDelegate.m */ = {isa = PBXFileReference; lastKnownFileType = sourcecode.c.objc; path = AppDelegate.m; sourceTree = "<group>"; };
		4CDE79CD1CB3575D00F90DFA /* ViewController.h */ = {isa = PBXFileReference; lastKnownFileType = sourcecode.c.h; path = ViewController.h; sourceTree = "<group>"; };
		4CDE79CE1CB3575D00F90DFA /* ViewController.m */ = {isa = PBXFileReference; lastKnownFileType = sourcecode.c.objc; path = ViewController.m; sourceTree = "<group>"; };
		4CDE79D11CB3575D00F90DFA /* Base */ = {isa = PBXFileReference; lastKnownFileType = file.storyboard; name = Base; path = Base.lproj/Main.storyboard; sourceTree = "<group>"; };
		4CDE79D31CB3575D00F90DFA /* Assets.xcassets */ = {isa = PBXFileReference; lastKnownFileType = folder.assetcatalog; path = Assets.xcassets; sourceTree = "<group>"; };
		4CDE79D61CB3575D00F90DFA /* Base */ = {isa = PBXFileReference; lastKnownFileType = file.storyboard; name = Base; path = Base.lproj/LaunchScreen.storyboard; sourceTree = "<group>"; };
		4CDE79D81CB3575D00F90DFA /* Info.plist */ = {isa = PBXFileReference; lastKnownFileType = text.plist.xml; path = Info.plist; sourceTree = "<group>"; };
		4CDE79DD1CB3575D00F90DFA /* 2016.0405.amTests.xctest */ = {isa = PBXFileReference; explicitFileType = wrapper.cfbundle; includeInIndex = 0; path = 2016.0405.amTests.xctest; sourceTree = BUILT_PRODUCTS_DIR; };
		4CDE79E11CB3575D00F90DFA /* _016_0405_amTests.m */ = {isa = PBXFileReference; lastKnownFileType = sourcecode.c.objc; path = _016_0405_amTests.m; sourceTree = "<group>"; };
		4CDE79E31CB3575D00F90DFA /* Info.plist */ = {isa = PBXFileReference; lastKnownFileType = text.plist.xml; path = Info.plist; sourceTree = "<group>"; };
		4CDE79E81CB3575D00F90DFA /* 2016.0405.amUITests.xctest */ = {isa = PBXFileReference; explicitFileType = wrapper.cfbundle; includeInIndex = 0; path = 2016.0405.amUITests.xctest; sourceTree = BUILT_PRODUCTS_DIR; };
		4CDE79EC1CB3575D00F90DFA /* _016_0405_amUITests.m */ = {isa = PBXFileReference; lastKnownFileType = sourcecode.c.objc; path = _016_0405_amUITests.m; sourceTree = "<group>"; };
		4CDE79EE1CB3575D00F90DFA /* Info.plist */ = {isa = PBXFileReference; lastKnownFileType = text.plist.xml; path = Info.plist; sourceTree = "<group>"; };
		4CDE79FA1CB3644900F90DFA /* QuartzCore.framework */ = {isa = PBXFileReference; lastKnownFileType = wrapper.framework; name = QuartzCore.framework; path = System/Library/Frameworks/QuartzCore.framework; sourceTree = SDKROOT; };
/* End PBXFileReference section */

/* Begin PBXFrameworksBuildPhase section */
		4CDE79C11CB3575D00F90DFA /* Frameworks */ = {
			isa = PBXFrameworksBuildPhase;
			buildActionMask = 2147483647;
			files = (
				4CDE79FB1CB3644900F90DFA /* QuartzCore.framework in Frameworks */,
			);
			runOnlyForDeploymentPostprocessing = 0;
		};
		4CDE79DA1CB3575D00F90DFA /* Frameworks */ = {
			isa = PBXFrameworksBuildPhase;
			buildActionMask = 2147483647;
			files = (
			);
			runOnlyForDeploymentPostprocessing = 0;
		};
		4CDE79E51CB3575D00F90DFA /* Frameworks */ = {
			isa = PBXFrameworksBuildPhase;
			buildActionMask = 2147483647;
			files = (
			);
			runOnlyForDeploymentPostprocessing = 0;
		};
/* End PBXFrameworksBuildPhase section */

/* Begin PBXGroup section */
		4CDE79BB1CB3575D00F90DFA = {
			isa = PBXGroup;
			children = (
				4CDE79FA1CB3644900F90DFA /* QuartzCore.framework */,
				4CDE79C61CB3575D00F90DFA /* 2016.0405.am */,
				4CDE79E01CB3575D00F90DFA /* 2016.0405.amTests */,
				4CDE79EB1CB3575D00F90DFA /* 2016.0405.amUITests */,
				4CDE79C51CB3575D00F90DFA /* Products */,
			);
			sourceTree = "<group>";
		};
		4CDE79C51CB3575D00F90DFA /* Products */ = {
			isa = PBXGroup;
			children = (
				4CDE79C41CB3575D00F90DFA /* 2016.0405.am.app */,
				4CDE79DD1CB3575D00F90DFA /* 2016.0405.amTests.xctest */,
				4CDE79E81CB3575D00F90DFA /* 2016.0405.amUITests.xctest */,
			);
			name = Products;
			sourceTree = "<group>";
		};
		4CDE79C61CB3575D00F90DFA /* 2016.0405.am */ = {
			isa = PBXGroup;
			children = (
				4CDE79CA1CB3575D00F90DFA /* AppDelegate.h */,
				4CDE79CB1CB3575D00F90DFA /* AppDelegate.m */,
				4CDE79CD1CB3575D00F90DFA /* ViewController.h */,
				4CDE79CE1CB3575D00F90DFA /* ViewController.m */,
				4CDE79D01CB3575D00F90DFA /* Main.storyboard */,
				4CDE79D31CB3575D00F90DFA /* Assets.xcassets */,
				4CDE79D51CB3575D00F90DFA /* LaunchScreen.storyboard */,
				4CDE79D81CB3575D00F90DFA /* Info.plist */,
				4CDE79C71CB3575D00F90DFA /* Supporting Files */,
			);
			path = 2016.0405.am;
			sourceTree = "<group>";
		};
		4CDE79C71CB3575D00F90DFA /* Supporting Files */ = {
			isa = PBXGroup;
			children = (
				4CDE79C81CB3575D00F90DFA /* main.m */,
			);
			name = "Supporting Files";
			sourceTree = "<group>";
		};
		4CDE79E01CB3575D00F90DFA /* 2016.0405.amTests */ = {
			isa = PBXGroup;
			children = (
				4CDE79E11CB3575D00F90DFA /* _016_0405_amTests.m */,
				4CDE79E31CB3575D00F90DFA /* Info.plist */,
			);
			path = 2016.0405.amTests;
			sourceTree = "<group>";
		};
		4CDE79EB1CB3575D00F90DFA /* 2016.0405.amUITests */ = {
			isa = PBXGroup;
			children = (
				4CDE79EC1CB3575D00F90DFA /* _016_0405_amUITests.m */,
				4CDE79EE1CB3575D00F90DFA /* Info.plist */,
			);
			path = 2016.0405.amUITests;
			sourceTree = "<group>";
		};
/* End PBXGroup section */

/* Begin PBXNativeTarget section */
		4CDE79C31CB3575D00F90DFA /* 2016.0405.am */ = {
			isa = PBXNativeTarget;
			buildConfigurationList = 4CDE79F11CB3575D00F90DFA /* Build configuration list for PBXNativeTarget "2016.0405.am" */;
			buildPhases = (
				4CDE79C01CB3575D00F90DFA /* Sources */,
				4CDE79C11CB3575D00F90DFA /* Frameworks */,
				4CDE79C21CB3575D00F90DFA /* Resources */,
			);
			buildRules = (
			);
			dependencies = (
			);
			name = 2016.0405.am;
			productName = 2016.0405.am;
			productReference = 4CDE79C41CB3575D00F90DFA /* 2016.0405.am.app */;
			productType = "com.apple.product-type.application";
		};
		4CDE79DC1CB3575D00F90DFA /* 2016.0405.amTests */ = {
			isa = PBXNativeTarget;
			buildConfigurationList = 4CDE79F41CB3575D00F90DFA /* Build configuration list for PBXNativeTarget "2016.0405.amTests" */;
			buildPhases = (
				4CDE79D91CB3575D00F90DFA /* Sources */,
				4CDE79DA1CB3575D00F90DFA /* Frameworks */,
				4CDE79DB1CB3575D00F90DFA /* Resources */,
			);
			buildRules = (
			);
			dependencies = (
				4CDE79DF1CB3575D00F90DFA /* PBXTargetDependency */,
			);
			name = 2016.0405.amTests;
			productName = 2016.0405.amTests;
			productReference = 4CDE79DD1CB3575D00F90DFA /* 2016.0405.amTests.xctest */;
			productType = "com.apple.product-type.bundle.unit-test";
		};
		4CDE79E71CB3575D00F90DFA /* 2016.0405.amUITests */ = {
			isa = PBXNativeTarget;
			buildConfigurationList = 4CDE79F71CB3575D00F90DFA /* Build configuration list for PBXNativeTarget "2016.0405.amUITests" */;
			buildPhases = (
				4CDE79E41CB3575D00F90DFA /* Sources */,
				4CDE79E51CB3575D00F90DFA /* Frameworks */,
				4CDE79E61CB3575D00F90DFA /* Resources */,
			);
			buildRules = (
			);
			dependencies = (
				4CDE79EA1CB3575D00F90DFA /* PBXTargetDependency */,
			);
			name = 2016.0405.amUITests;
			productName = 2016.0405.amUITests;
			productReference = 4CDE79E81CB3575D00F90DFA /* 2016.0405.amUITests.xctest */;
			productType = "com.apple.product-type.bundle.ui-testing";
		};
/* End PBXNativeTarget section */

/* Begin PBXProject section */
		4CDE79BC1CB3575D00F90DFA /* Project object */ = {
			isa = PBXProject;
			attributes = {
				LastUpgradeCheck = 0720;
				ORGANIZATIONNAME = yanxinlong;
				TargetAttributes = {
					4CDE79C31CB3575D00F90DFA = {
						CreatedOnToolsVersion = 7.2.1;
					};
					4CDE79DC1CB3575D00F90DFA = {
						CreatedOnToolsVersion = 7.2.1;
						TestTargetID = 4CDE79C31CB3575D00F90DFA;
					};
					4CDE79E71CB3575D00F90DFA = {
						CreatedOnToolsVersion = 7.2.1;
						TestTargetID = 4CDE79C31CB3575D00F90DFA;
					};
				};
			};
			buildConfigurationList = 4CDE79BF1CB3575D00F90DFA /* Build configuration list for PBXProject "2016.0405.am" */;
			compatibilityVersion = "Xcode 3.2";
			developmentRegion = English;
			hasScannedForEncodings = 0;
			knownRegions = (
				en,
				Base,
			);
			mainGroup = 4CDE79BB1CB3575D00F90DFA;
			productRefGroup = 4CDE79C51CB3575D00F90DFA /* Products */;
			projectDirPath = "";
			projectRoot = "";
			targets = (
				4CDE79C31CB3575D00F90DFA /* 2016.0405.am */,
				4CDE79DC1CB3575D00F90DFA /* 2016.0405.amTests */,
				4CDE79E71CB3575D00F90DFA /* 2016.0405.amUITests */,
			);
		};
/* End PBXProject section */

/* Begin PBXResourcesBuildPhase section */
		4CDE79C21CB3575D00F90DFA /* Resources */ = {
			isa = PBXResourcesBuildPhase;
			buildActionMask = 2147483647;
			files = (
				4CDE79D71CB3575D00F90DFA /* LaunchScreen.storyboard in Resources */,
				4CDE79D41CB3575D00F90DFA /* Assets.xcassets in Resources */,
				4CDE79D21CB3575D00F90DFA /* Main.storyboard in Resources */,
			);
			runOnlyForDeploymentPostprocessing = 0;
		};
		4CDE79DB1CB3575D00F90DFA /* Resources */ = {
			isa = PBXResourcesBuildPhase;
			buildActionMask = 2147483647;
			files = (
			);
			runOnlyForDeploymentPostprocessing = 0;
		};
		4CDE79E61CB3575D00F90DFA /* Resources */ = {
			isa = PBXResourcesBuildPhase;
			buildActionMask = 2147483647;
			files = (
			);
			runOnlyForDeploymentPostprocessing = 0;
		};
/* End PBXResourcesBuildPhase section */

/* Begin PBXSourcesBuildPhase section */
		4CDE79C01CB3575D00F90DFA /* Sources */ = {
			isa = PBXSourcesBuildPhase;
			buildActionMask = 2147483647;
			files = (
				4CDE79CF1CB3575D00F90DFA /* ViewController.m in Sources */,
				4CDE79CC1CB3575D00F90DFA /* AppDelegate.m in Sources */,
				4CDE79C91CB3575D00F90DFA /* main.m in Sources */,
			);
			runOnlyForDeploymentPostprocessing = 0;
		};
		4CDE79D91CB3575D00F90DFA /* Sources */ = {
			isa = PBXSourcesBuildPhase;
			buildActionMask = 2147483647;
			files = (
				4CDE79E21CB3575D00F90DFA /* _016_0405_amTests.m in Sources */,
			);
			runOnlyForDeploymentPostprocessing = 0;
		};
		4CDE79E41CB3575D00F90DFA /* Sources */ = {
			isa = PBXSourcesBuildPhase;
			buildActionMask = 2147483647;
			files = (
				4CDE79ED1CB3575D00F90DFA /* _016_0405_amUITests.m in Sources */,
			);
			runOnlyForDeploymentPostprocessing = 0;
		};
/* End PBXSourcesBuildPhase section */

/* Begin PBXTargetDependency section */
		4CDE79DF1CB3575D00F90DFA /* PBXTargetDependency */ = {
			isa = PBXTargetDependency;
			target = 4CDE79C31CB3575D00F90DFA /* 2016.0405.am */;
			targetProxy = 4CDE79DE1CB3575D00F90DFA /* PBXContainerItemProxy */;
		};
		4CDE79EA1CB3575D00F90DFA /* PBXTargetDependency */ = {
			isa = PBXTargetDependency;
			target = 4CDE79C31CB3575D00F90DFA /* 2016.0405.am */;
			targetProxy = 4CDE79E91CB3575D00F90DFA /* PBXContainerItemProxy */;
		};
/* End PBXTargetDependency section */

/* Begin PBXVariantGroup section */
		4CDE79D01CB3575D00F90DFA /* Main.storyboard */ = {
			isa = PBXVariantGroup;
			children = (
				4CDE79D11CB3575D00F90DFA /* Base */,
			);
			name = Main.storyboard;
			sourceTree = "<group>";
		};
		4CDE79D51CB3575D00F90DFA /* LaunchScreen.storyboard */ = {
			isa = PBXVariantGroup;
			children = (
				4CDE79D61CB3575D00F90DFA /* Base */,
			);
			name = LaunchScreen.storyboard;
			sourceTree = "<group>";
		};
/* End PBXVariantGroup section */

/* Begin XCBuildConfiguration section */
		4CDE79EF1CB3575D00F90DFA /* Debug */ = {
			isa = XCBuildConfiguration;
			buildSettings = {
				ALWAYS_SEARCH_USER_PATHS = NO;
				CLANG_CXX_LANGUAGE_STANDARD = "gnu++0x";
				CLANG_CXX_LIBRARY = "libc++";
				CLANG_ENABLE_MODULES = YES;
				CLANG_ENABLE_OBJC_ARC = YES;
				CLANG_WARN_BOOL_CONVERSION = YES;
				CLANG_WARN_CONSTANT_CONVERSION = YES;
				CLANG_WARN_DIRECT_OBJC_ISA_USAGE = YES_ERROR;
				CLANG_WARN_EMPTY_BODY = YES;
				CLANG_WARN_ENUM_CONVERSION = YES;
				CLANG_WARN_INT_CONVERSION = YES;
				CLANG_WARN_OBJC_ROOT_CLASS = YES_ERROR;
				CLANG_WARN_UNREACHABLE_CODE = YES;
				CLANG_WARN__DUPLICATE_METHOD_MATCH = YES;
				"CODE_SIGN_IDENTITY[sdk=iphoneos*]" = "iPhone Developer";
				COPY_PHASE_STRIP = NO;
				DEBUG_INFORMATION_FORMAT = dwarf;
				ENABLE_STRICT_OBJC_MSGSEND = YES;
				ENABLE_TESTABILITY = YES;
				GCC_C_LANGUAGE_STANDARD = gnu99;
				GCC_DYNAMIC_NO_PIC = NO;
				GCC_NO_COMMON_BLOCKS = YES;
				GCC_OPTIMIZATION_LEVEL = 0;
				GCC_PREPROCESSOR_DEFINITIONS = (
					"DEBUG=1",
					"$(inherited)",
				);
				GCC_WARN_64_TO_32_BIT_CONVERSION = YES;
				GCC_WARN_ABOUT_RETURN_TYPE = YES_ERROR;
				GCC_WARN_UNDECLARED_SELECTOR = YES;
				GCC_WARN_UNINITIALIZED_AUTOS = YES_AGGRESSIVE;
				GCC_WARN_UNUSED_FUNCTION = YES;
				GCC_WARN_UNUSED_VARIABLE = YES;
				IPHONEOS_DEPLOYMENT_TARGET = 9.2;
				MTL_ENABLE_DEBUG_INFO = YES;
				ONLY_ACTIVE_ARCH = YES;
				SDKROOT = iphoneos;
			};
			name = Debug;
		};
		4CDE79F01CB3575D00F90DFA /* Release */ = {
			isa = XCBuildConfiguration;
			buildSettings = {
				ALWAYS_SEARCH_USER_PATHS = NO;
				CLANG_CXX_LANGUAGE_STANDARD = "gnu++0x";
				CLANG_CXX_LIBRARY = "libc++";
				CLANG_ENABLE_MODULES = YES;
				CLANG_ENABLE_OBJC_ARC = YES;
				CLANG_WARN_BOOL_CONVERSION = YES;
				CLANG_WARN_CONSTANT_CONVERSION = YES;
				CLANG_WARN_DIRECT_OBJC_ISA_USAGE = YES_ERROR;
				CLANG_WARN_EMPTY_BODY = YES;
				CLANG_WARN_ENUM_CONVERSION = YES;
				CLANG_WARN_INT_CONVERSION = YES;
				CLANG_WARN_OBJC_ROOT_CLASS = YES_ERROR;
				CLANG_WARN_UNREACHABLE_CODE = YES;
				CLANG_WARN__DUPLICATE_METHOD_MATCH = YES;
				"CODE_SIGN_IDENTITY[sdk=iphoneos*]" = "iPhone Developer";
				COPY_PHASE_STRIP = NO;
				DEBUG_INFORMATION_FORMAT = "dwarf-with-dsym";
				ENABLE_NS_ASSERTIONS = NO;
				ENABLE_STRICT_OBJC_MSGSEND = YES;
				GCC_C_LANGUAGE_STANDARD = gnu99;
				GCC_NO_COMMON_BLOCKS = YES;
				GCC_WARN_64_TO_32_BIT_CONVERSION = YES;
				GCC_WARN_ABOUT_RETURN_TYPE = YES_ERROR;
				GCC_WARN_UNDECLARED_SELECTOR = YES;
				GCC_WARN_UNINITIALIZED_AUTOS = YES_AGGRESSIVE;
				GCC_WARN_UNUSED_FUNCTION = YES;
				GCC_WARN_UNUSED_VARIABLE = YES;
				IPHONEOS_DEPLOYMENT_TARGET = 9.2;
				MTL_ENABLE_DEBUG_INFO = NO;
				SDKROOT = iphoneos;
				VALIDATE_PRODUCT = YES;
			};
			name = Release;
		};
		4CDE79F21CB3575D00F90DFA /* Debug */ = {
			isa = XCBuildConfiguration;
			buildSettings = {
				ASSETCATALOG_COMPILER_APPICON_NAME = AppIcon;
				INFOPLIST_FILE = 2016.0405.am/Info.plist;
				LD_RUNPATH_SEARCH_PATHS = "$(inherited) @executable_path/Frameworks";
				PRODUCT_BUNDLE_IDENTIFIER = "com.easaa.silk.-016-0405-am";
				PRODUCT_NAME = "$(TARGET_NAME)";
			};
			name = Debug;
		};
		4CDE79F31CB3575D00F90DFA /* Release */ = {
			isa = XCBuildConfiguration;
			buildSettings = {
				ASSETCATALOG_COMPILER_APPICON_NAME = AppIcon;
				INFOPLIST_FILE = 2016.0405.am/Info.plist;
				LD_RUNPATH_SEARCH_PATHS = "$(inherited) @executable_path/Frameworks";
				PRODUCT_BUNDLE_IDENTIFIER = "com.easaa.silk.-016-0405-am";
				PRODUCT_NAME = "$(TARGET_NAME)";
			};
			name = Release;
		};
		4CDE79F51CB3575D00F90DFA /* Debug */ = {
			isa = XCBuildConfiguration;
			buildSettings = {
				BUNDLE_LOADER = "$(TEST_HOST)";
				INFOPLIST_FILE = 2016.0405.amTests/Info.plist;
				LD_RUNPATH_SEARCH_PATHS = "$(inherited) @executable_path/Frameworks @loader_path/Frameworks";
				PRODUCT_BUNDLE_IDENTIFIER = "com.easaa.silk.-016-0405-amTests";
				PRODUCT_NAME = "$(TARGET_NAME)";
				TEST_HOST = "$(BUILT_PRODUCTS_DIR)/2016.0405.am.app/2016.0405.am";
			};
			name = Debug;
		};
		4CDE79F61CB3575D00F90DFA /* Release */ = {
			isa = XCBuildConfiguration;
			buildSettings = {
				BUNDLE_LOADER = "$(TEST_HOST)";
				INFOPLIST_FILE = 2016.0405.amTests/Info.plist;
				LD_RUNPATH_SEARCH_PATHS = "$(inherited) @executable_path/Frameworks @loader_path/Frameworks";
				PRODUCT_BUNDLE_IDENTIFIER = "com.easaa.silk.-016-0405-amTests";
				PRODUCT_NAME = "$(TARGET_NAME)";
				TEST_HOST = "$(BUILT_PRODUCTS_DIR)/2016.0405.am.app/2016.0405.am";
			};
			name = Release;
		};
		4CDE79F81CB3575D00F90DFA /* Debug */ = {
			isa = XCBuildConfiguration;
			buildSettings = {
				INFOPLIST_FILE = 2016.0405.amUITests/Info.plist;
				LD_RUNPATH_SEARCH_PATHS = "$(inherited) @executable_path/Frameworks @loader_path/Frameworks";
				PRODUCT_BUNDLE_IDENTIFIER = "com.easaa.silk.-016-0405-amUITests";
				PRODUCT_NAME = "$(TARGET_NAME)";
				TEST_TARGET_NAME = 2016.0405.am;
				USES_XCTRUNNER = YES;
			};
			name = Debug;
		};
		4CDE79F91CB3575D00F90DFA /* Release */ = {
			isa = XCBuildConfiguration;
			buildSettings = {
				INFOPLIST_FILE = 2016.0405.amUITests/Info.plist;
				LD_RUNPATH_SEARCH_PATHS = "$(inherited) @executable_path/Frameworks @loader_path/Frameworks";
				PRODUCT_BUNDLE_IDENTIFIER = "com.easaa.silk.-016-0405-amUITests";
				PRODUCT_NAME = "$(TARGET_NAME)";
				TEST_TARGET_NAME = 2016.0405.am;
				USES_XCTRUNNER = YES;
			};
			name = Release;
		};
/* End XCBuildConfiguration section */

/* Begin XCConfigurationList section */
		4CDE79BF1CB3575D00F90DFA /* Build configuration list for PBXProject "2016.0405.am" */ = {
			isa = XCConfigurationList;
			buildConfigurations = (
				4CDE79EF1CB3575D00F90DFA /* Debug */,
				4CDE79F01CB3575D00F90DFA /* Release */,
			);
			defaultConfigurationIsVisible = 0;
			defaultConfigurationName = Release;
		};
		4CDE79F11CB3575D00F90DFA /* Build configuration list for PBXNativeTarget "2016.0405.am" */ = {
			isa = XCConfigurationList;
			buildConfigurations = (
				4CDE79F21CB3575D00F90DFA /* Debug */,
				4CDE79F31CB3575D00F90DFA /* Release */,
			);
			defaultConfigurationIsVisible = 0;
			defaultConfigurationName = Release;
		};
		4CDE79F41CB3575D00F90DFA /* Build configuration list for PBXNativeTarget "2016.0405.amTests" */ = {
			isa = XCConfigurationList;
			buildConfigurations = (
				4CDE79F51CB3575D00F90DFA /* Debug */,
				4CDE79F61CB3575D00F90DFA /* Release */,
			);
			defaultConfigurationIsVisible = 0;
			defaultConfigurationName = Release;
		};
		4CDE79F71CB3575D00F90DFA /* Build configuration list for PBXNativeTarget "2016.0405.amUITests" */ = {
			isa = XCConfigurationList;
			buildConfigurations = (
				4CDE79F81CB3575D00F90DFA /* Debug */,
				4CDE79F91CB3575D00F90DFA /* Release */,
			);
			defaultConfigurationIsVisible = 0;
			defaultConfigurationName = Release;
		};
/* End XCConfigurationList section */
	};
	rootObject = 4CDE79BC1CB3575D00F90DFA /* Project object */;
}
